
Microsoft Visual Studio Solution File, Format Version 12.00
# Visual Studio Version 16
VisualStudioVersion = 16.0.31911.196
MinimumVisualStudioVersion = 10.0.40219.1
Project("{FAE04EC0-301F-11D3-BF4B-00C04F79EFBC}") = "CalculadoraIR", "CalculadoraIR\CalculadoraIR.csproj", "{CBBB6341-67CE-48DE-85CA-3DB3509AE0F6}"
EndProject
Global
	GlobalSection(SolutionConfigurationPlatforms) = preSolution
		Debug|Any CPU = Debug|Any CPU
		Release|Any CPU = Release|Any CPU
	EndGlobalSection
	GlobalSection(ProjectConfigurationPlatforms) = postSolution
		{CBBB6341-67CE-48DE-85CA-3DB3509AE0F6}.Debug|Any CPU.ActiveCfg = Debug|Any CPU
		{CBBB6341-67CE-48DE-85CA-3DB3509AE0F6}.Debug|Any CPU.Build.0 = Debug|Any CPU
		{CBBB6341-67CE-48DE-85CA-3DB3509AE0F6}.Release|Any CPU.ActiveCfg = Release|Any CPU
		{CBBB6341-67CE-48DE-85CA-3DB3509AE0F6}.Release|Any CPU.Build.0 = Release|Any CPU
	EndGlobalSection
	GlobalSection(SolutionProperties) = preSolution
		HideSolutionNode = FALSE
	EndGlobalSection
	GlobalSection(ExtensibilityGlobals) = postSolution
		SolutionGuid = {ED72675D-D783-495E-8EF4-2D7912BCD81C}
	EndGlobalSection
EndGlobal
